
Microsoft Visual Studio Solution File, Format Version 12.00
# Visual Studio Version 16
VisualStudioVersion = 16.0.32126.315
MinimumVisualStudioVersion = 10.0.40219.1
Project("{00D1A9C2-B5F0-4AF3-8072-F6C62B433612}") = "Eshopam.Database", "Eshopam.Database\Eshopam.Database.sqlproj", "{9C82FD14-9952-42E9-BF36-4810DF395783}"
EndProject
Project("{FAE04EC0-301F-11D3-BF4B-00C04F79EFBC}") = "Eshopam.Repository", "Eshopam.Repository\Eshopam.Repository.csproj", "{A3A18FC5-7507-4B1C-9BB2-451ED8865A43}"
EndProject
Project("{FAE04EC0-301F-11D3-BF4B-00C04F79EFBC}") = "Eshopam.WebApi", "Eshopam.WebApi\Eshopam.WebApi.csproj", "{0AF102F1-0599-45FB-BE96-80C9FDE255BC}"
EndProject
Project("{9A19103F-16F7-4668-BE54-9A1E7A4F7556}") = "Eshopam.Models", "Eshopam.Models\Eshopam.Models.csproj", "{44EB7003-EBD7-43CC-85E0-E10FC710058F}"
EndProject
Project("{9A19103F-16F7-4668-BE54-9A1E7A4F7556}") = "Eshopam.Services", "Eshopam.Services\Eshopam.Services.csproj", "{D3E55043-9D9E-4427-ABAA-98446C38740B}"
EndProject
Project("{FAE04EC0-301F-11D3-BF4B-00C04F79EFBC}") = "Eshopam.Mobile.Android", "Eshopam.Mobile\Eshopam.Mobile.Android\Eshopam.Mobile.Android.csproj", "{54C73024-F5B9-4560-B4F2-B8D71EC8BBE5}"
EndProject
Project("{FAE04EC0-301F-11D3-BF4B-00C04F79EFBC}") = "Eshopam.Mobile.iOS", "Eshopam.Mobile\Eshopam.Mobile.iOS\Eshopam.Mobile.iOS.csproj", "{ED9132DD-D370-422F-9626-3615D54019C1}"
EndProject
Project("{FAE04EC0-301F-11D3-BF4B-00C04F79EFBC}") = "Eshopam.Mobile", "Eshopam.Mobile\Eshopam.Mobile\Eshopam.Mobile.csproj", "{EE57E4AD-0F8D-421E-921E-DE85C38B6C79}"
EndProject
Global
	GlobalSection(SolutionConfigurationPlatforms) = preSolution
		Debug|Any CPU = Debug|Any CPU
		Debug|iPhone = Debug|iPhone
		Debug|iPhoneSimulator = Debug|iPhoneSimulator
		Release|Any CPU = Release|Any CPU
		Release|iPhone = Release|iPhone
		Release|iPhoneSimulator = Release|iPhoneSimulator
	EndGlobalSection
	GlobalSection(ProjectConfigurationPlatforms) = postSolution
		{9C82FD14-9952-42E9-BF36-4810DF395783}.Debug|Any CPU.ActiveCfg = Debug|Any CPU
		{9C82FD14-9952-42E9-BF36-4810DF395783}.Debug|Any CPU.Build.0 = Debug|Any CPU
		{9C82FD14-9952-42E9-BF36-4810DF395783}.Debug|Any CPU.Deploy.0 = Debug|Any CPU
		{9C82FD14-9952-42E9-BF36-4810DF395783}.Debug|iPhone.ActiveCfg = Debug|Any CPU
		{9C82FD14-9952-42E9-BF36-4810DF395783}.Debug|iPhone.Build.0 = Debug|Any CPU
		{9C82FD14-9952-42E9-BF36-4810DF395783}.Debug|iPhone.Deploy.0 = Debug|Any CPU
		{9C82FD14-9952-42E9-BF36-4810DF395783}.Debug|iPhoneSimulator.ActiveCfg = Debug|Any CPU
		{9C82FD14-9952-42E9-BF36-4810DF395783}.Debug|iPhoneSimulator.Build.0 = Debug|Any CPU
		{9C82FD14-9952-42E9-BF36-4810DF395783}.Debug|iPhoneSimulator.Deploy.0 = Debug|Any CPU
		{9C82FD14-9952-42E9-BF36-4810DF395783}.Release|Any CPU.ActiveCfg = Release|Any CPU
		{9C82FD14-9952-42E9-BF36-4810DF395783}.Release|Any CPU.Build.0 = Release|Any CPU
		{9C82FD14-9952-42E9-BF36-4810DF395783}.Release|Any CPU.Deploy.0 = Release|Any CPU
		{9C82FD14-9952-42E9-BF36-4810DF395783}.Release|iPhone.ActiveCfg = Release|Any CPU
		{9C82FD14-9952-42E9-BF36-4810DF395783}.Release|iPhone.Build.0 = Release|Any CPU
		{9C82FD14-9952-42E9-BF36-4810DF395783}.Release|iPhone.Deploy.0 = Release|Any CPU
		{9C82FD14-9952-42E9-BF36-4810DF395783}.Release|iPhoneSimulator.ActiveCfg = Release|Any CPU
		{9C82FD14-9952-42E9-BF36-4810DF395783}.Release|iPhoneSimulator.Build.0 = Release|Any CPU
		{9C82FD14-9952-42E9-BF36-4810DF395783}.Release|iPhoneSimulator.Deploy.0 = Release|Any CPU
		{A3A18FC5-7507-4B1C-9BB2-451ED8865A43}.Debug|Any CPU.ActiveCfg = Debug|Any CPU
		{A3A18FC5-7507-4B1C-9BB2-451ED8865A43}.Debug|Any CPU.Build.0 = Debug|Any CPU
		{A3A18FC5-7507-4B1C-9BB2-451ED8865A43}.Debug|iPhone.ActiveCfg = Debug|Any CPU
		{A3A18FC5-7507-4B1C-9BB2-451ED8865A43}.Debug|iPhone.Build.0 = Debug|Any CPU
		{A3A18FC5-7507-4B1C-9BB2-451ED8865A43}.Debug|iPhoneSimulator.ActiveCfg = Debug|Any CPU
		{A3A18FC5-7507-4B1C-9BB2-451ED8865A43}.Debug|iPhoneSimulator.Build.0 = Debug|Any CPU
		{A3A18FC5-7507-4B1C-9BB2-451ED8865A43}.Release|Any CPU.ActiveCfg = Release|Any CPU
		{A3A18FC5-7507-4B1C-9BB2-451ED8865A43}.Release|Any CPU.Build.0 = Release|Any CPU
		{A3A18FC5-7507-4B1C-9BB2-451ED8865A43}.Release|iPhone.ActiveCfg = Release|Any CPU
		{A3A18FC5-7507-4B1C-9BB2-451ED8865A43}.Release|iPhone.Build.0 = Release|Any CPU
		{A3A18FC5-7507-4B1C-9BB2-451ED8865A43}.Release|iPhoneSimulator.ActiveCfg = Release|Any CPU
		{A3A18FC5-7507-4B1C-9BB2-451ED8865A43}.Release|iPhoneSimulator.Build.0 = Release|Any CPU
		{0AF102F1-0599-45FB-BE96-80C9FDE255BC}.Debug|Any CPU.ActiveCfg = Debug|Any CPU
		{0AF102F1-0599-45FB-BE96-80C9FDE255BC}.Debug|Any CPU.Build.0 = Debug|Any CPU
		{0AF102F1-0599-45FB-BE96-80C9FDE255BC}.Debug|iPhone.ActiveCfg = Debug|Any CPU
		{0AF102F1-0599-45FB-BE96-80C9FDE255BC}.Debug|iPhone.Build.0 = Debug|Any CPU
		{0AF102F1-0599-45FB-BE96-80C9FDE255BC}.Debug|iPhoneSimulator.ActiveCfg = Debug|Any CPU
		{0AF102F1-0599-45FB-BE96-80C9FDE255BC}.Debug|iPhoneSimulator.Build.0 = Debug|Any CPU
		{0AF102F1-0599-45FB-BE96-80C9FDE255BC}.Release|Any CPU.ActiveCfg = Release|Any CPU
		{0AF102F1-0599-45FB-BE96-80C9FDE255BC}.Release|Any CPU.Build.0 = Release|Any CPU
		{0AF102F1-0599-45FB-BE96-80C9FDE255BC}.Release|iPhone.ActiveCfg = Release|Any CPU
		{0AF102F1-0599-45FB-BE96-80C9FDE255BC}.Release|iPhone.Build.0 = Release|Any CPU
		{0AF102F1-0599-45FB-BE96-80C9FDE255BC}.Release|iPhoneSimulator.ActiveCfg = Release|Any CPU
		{0AF102F1-0599-45FB-BE96-80C9FDE255BC}.Release|iPhoneSimulator.Build.0 = Release|Any CPU
		{44EB7003-EBD7-43CC-85E0-E10FC710058F}.Debug|Any CPU.ActiveCfg = Debug|Any CPU
		{44EB7003-EBD7-43CC-85E0-E10FC710058F}.Debug|Any CPU.Build.0 = Debug|Any CPU
		{44EB7003-EBD7-43CC-85E0-E10FC710058F}.Debug|iPhone.ActiveCfg = Debug|Any CPU
		{44EB7003-EBD7-43CC-85E0-E10FC710058F}.Debug|iPhone.Build.0 = Debug|Any CPU
		{44EB7003-EBD7-43CC-85E0-E10FC710058F}.Debug|iPhoneSimulator.ActiveCfg = Debug|Any CPU
		{44EB7003-EBD7-43CC-85E0-E10FC710058F}.Debug|iPhoneSimulator.Build.0 = Debug|Any CPU
		{44EB7003-EBD7-43CC-85E0-E10FC710058F}.Release|Any CPU.ActiveCfg = Release|Any CPU
		{44EB7003-EBD7-43CC-85E0-E10FC710058F}.Release|Any CPU.Build.0 = Release|Any CPU
		{44EB7003-EBD7-43CC-85E0-E10FC710058F}.Release|iPhone.ActiveCfg = Release|Any CPU
		{44EB7003-EBD7-43CC-85E0-E10FC710058F}.Release|iPhone.Build.0 = Release|Any CPU
		{44EB7003-EBD7-43CC-85E0-E10FC710058F}.Release|iPhoneSimulator.ActiveCfg = Release|Any CPU
		{44EB7003-EBD7-43CC-85E0-E10FC710058F}.Release|iPhoneSimulator.Build.0 = Release|Any CPU
		{D3E55043-9D9E-4427-ABAA-98446C38740B}.Debug|Any CPU.ActiveCfg = Debug|Any CPU
		{D3E55043-9D9E-4427-ABAA-98446C38740B}.Debug|Any CPU.Build.0 = Debug|Any CPU
		{D3E55043-9D9E-4427-ABAA-98446C38740B}.Debug|iPhone.ActiveCfg = Debug|Any CPU
		{D3E55043-9D9E-4427-ABAA-98446C38740B}.Debug|iPhone.Build.0 = Debug|Any CPU
		{D3E55043-9D9E-4427-ABAA-98446C38740B}.Debug|iPhoneSimulator.ActiveCfg = Debug|Any CPU
		{D3E55043-9D9E-4427-ABAA-98446C38740B}.Debug|iPhoneSimulator.Build.0 = Debug|Any CPU
		{D3E55043-9D9E-4427-ABAA-98446C38740B}.Release|Any CPU.ActiveCfg = Release|Any CPU
		{D3E55043-9D9E-4427-ABAA-98446C38740B}.Release|Any CPU.Build.0 = Release|Any CPU
		{D3E55043-9D9E-4427-ABAA-98446C38740B}.Release|iPhone.ActiveCfg = Release|Any CPU
		{D3E55043-9D9E-4427-ABAA-98446C38740B}.Release|iPhone.Build.0 = Release|Any CPU
		{D3E55043-9D9E-4427-ABAA-98446C38740B}.Release|iPhoneSimulator.ActiveCfg = Release|Any CPU
		{D3E55043-9D9E-4427-ABAA-98446C38740B}.Release|iPhoneSimulator.Build.0 = Release|Any CPU
		{54C73024-F5B9-4560-B4F2-B8D71EC8BBE5}.Debug|Any CPU.ActiveCfg = Debug|Any CPU
		{54C73024-F5B9-4560-B4F2-B8D71EC8BBE5}.Debug|Any CPU.Build.0 = Debug|Any CPU
		{54C73024-F5B9-4560-B4F2-B8D71EC8BBE5}.Debug|Any CPU.Deploy.0 = Debug|Any CPU
		{54C73024-F5B9-4560-B4F2-B8D71EC8BBE5}.Debug|iPhone.ActiveCfg = Debug|Any CPU
		{54C73024-F5B9-4560-B4F2-B8D71EC8BBE5}.Debug|iPhone.Build.0 = Debug|Any CPU
		{54C73024-F5B9-4560-B4F2-B8D71EC8BBE5}.Debug|iPhone.Deploy.0 = Debug|Any CPU
		{54C73024-F5B9-4560-B4F2-B8D71EC8BBE5}.Debug|iPhoneSimulator.ActiveCfg = Debug|Any CPU
		{54C73024-F5B9-4560-B4F2-B8D71EC8BBE5}.Debug|iPhoneSimulator.Build.0 = Debug|Any CPU
		{54C73024-F5B9-4560-B4F2-B8D71EC8BBE5}.Debug|iPhoneSimulator.Deploy.0 = Debug|Any CPU
		{54C73024-F5B9-4560-B4F2-B8D71EC8BBE5}.Release|Any CPU.ActiveCfg = Release|Any CPU
		{54C73024-F5B9-4560-B4F2-B8D71EC8BBE5}.Release|Any CPU.Build.0 = Release|Any CPU
		{54C73024-F5B9-4560-B4F2-B8D71EC8BBE5}.Release|Any CPU.Deploy.0 = Release|Any CPU
		{54C73024-F5B9-4560-B4F2-B8D71EC8BBE5}.Release|iPhone.ActiveCfg = Release|Any CPU
		{54C73024-F5B9-4560-B4F2-B8D71EC8BBE5}.Release|iPhone.Build.0 = Release|Any CPU
		{54C73024-F5B9-4560-B4F2-B8D71EC8BBE5}.Release|iPhone.Deploy.0 = Release|Any CPU
		{54C73024-F5B9-4560-B4F2-B8D71EC8BBE5}.Release|iPhoneSimulator.ActiveCfg = Release|Any CPU
		{54C73024-F5B9-4560-B4F2-B8D71EC8BBE5}.Release|iPhoneSimulator.Build.0 = Release|Any CPU
		{54C73024-F5B9-4560-B4F2-B8D71EC8BBE5}.Release|iPhoneSimulator.Deploy.0 = Release|Any CPU
		{ED9132DD-D370-422F-9626-3615D54019C1}.Debug|Any CPU.ActiveCfg = Debug|iPhoneSimulator
		{ED9132DD-D370-422F-9626-3615D54019C1}.Debug|iPhone.ActiveCfg = Debug|iPhone
		{ED9132DD-D370-422F-9626-3615D54019C1}.Debug|iPhone.Build.0 = Debug|iPhone
		{ED9132DD-D370-422F-9626-3615D54019C1}.Debug|iPhoneSimulator.ActiveCfg = Debug|iPhoneSimulator
		{ED9132DD-D370-422F-9626-3615D54019C1}.Debug|iPhoneSimulator.Build.0 = Debug|iPhoneSimulator
		{ED9132DD-D370-422F-9626-3615D54019C1}.Release|Any CPU.ActiveCfg = Release|iPhoneSimulator
		{ED9132DD-D370-422F-9626-3615D54019C1}.Release|iPhone.ActiveCfg = Release|iPhone
		{ED9132DD-D370-422F-9626-3615D54019C1}.Release|iPhone.Build.0 = Release|iPhone
		{ED9132DD-D370-422F-9626-3615D54019C1}.Release|iPhoneSimulator.ActiveCfg = Release|iPhoneSimulator
		{ED9132DD-D370-422F-9626-3615D54019C1}.Release|iPhoneSimulator.Build.0 = Release|iPhoneSimulator
		{EE57E4AD-0F8D-421E-921E-DE85C38B6C79}.Debug|Any CPU.ActiveCfg = Debug|Any CPU
		{EE57E4AD-0F8D-421E-921E-DE85C38B6C79}.Debug|Any CPU.Build.0 = Debug|Any CPU
		{EE57E4AD-0F8D-421E-921E-DE85C38B6C79}.Debug|iPhone.ActiveCfg = Debug|Any CPU
		{EE57E4AD-0F8D-421E-921E-DE85C38B6C79}.Debug|iPhone.Build.0 = Debug|Any CPU
		{EE57E4AD-0F8D-421E-921E-DE85C38B6C79}.Debug|iPhoneSimulator.ActiveCfg = Debug|Any CPU
		{EE57E4AD-0F8D-421E-921E-DE85C38B6C79}.Debug|iPhoneSimulator.Build.0 = Debug|Any CPU
		{EE57E4AD-0F8D-421E-921E-DE85C38B6C79}.Release|Any CPU.ActiveCfg = Release|Any CPU
		{EE57E4AD-0F8D-421E-921E-DE85C38B6C79}.Release|Any CPU.Build.0 = Release|Any CPU
		{EE57E4AD-0F8D-421E-921E-DE85C38B6C79}.Release|iPhone.ActiveCfg = Release|Any CPU
		{EE57E4AD-0F8D-421E-921E-DE85C38B6C79}.Release|iPhone.Build.0 = Release|Any CPU
		{EE57E4AD-0F8D-421E-921E-DE85C38B6C79}.Release|iPhoneSimulator.ActiveCfg = Release|Any CPU
		{EE57E4AD-0F8D-421E-921E-DE85C38B6C79}.Release|iPhoneSimulator.Build.0 = Release|Any CPU
	EndGlobalSection
	GlobalSection(SolutionProperties) = preSolution
		HideSolutionNode = FALSE
	EndGlobalSection
	GlobalSection(ExtensibilityGlobals) = postSolution
		SolutionGuid = {34FC15A1-8AF3-4C60-B85D-B6BCD96C262D}
	EndGlobalSection
EndGlobal
